
Microsoft Visual Studio Solution File, Format Version 12.00
# Visual Studio Version 17
VisualStudioVersion = 17.3.32811.315
MinimumVisualStudioVersion = 10.0.40219.1
Project("{9A19103F-16F7-4668-BE54-9A1E7A4F7556}") = "DeweyApp", "DeweyApp\DeweyApp.csproj", "{FDCAC68C-C68E-4D16-AA66-97BCF4D91510}"
EndProject
Project("{FAE04EC0-301F-11D3-BF4B-00C04F79EFBC}") = "DeweyLibrary", "DeweyLibrary\DeweyLibrary.csproj", "{A5DC8367-95B0-4AB8-B5CB-31A2C270192B}"
EndProject
Global
	GlobalSection(SolutionConfigurationPlatforms) = preSolution
		Debug|Any CPU = Debug|Any CPU
		Release|Any CPU = Release|Any CPU
	EndGlobalSection
	GlobalSection(ProjectConfigurationPlatforms) = postSolution
		{FDCAC68C-C68E-4D16-AA66-97BCF4D91510}.Debug|Any CPU.ActiveCfg = Debug|Any CPU
		{FDCAC68C-C68E-4D16-AA66-97BCF4D91510}.Debug|Any CPU.Build.0 = Debug|Any CPU
		{FDCAC68C-C68E-4D16-AA66-97BCF4D91510}.Release|Any CPU.ActiveCfg = Release|Any CPU
		{FDCAC68C-C68E-4D16-AA66-97BCF4D91510}.Release|Any CPU.Build.0 = Release|Any CPU
		{A5DC8367-95B0-4AB8-B5CB-31A2C270192B}.Debug|Any CPU.ActiveCfg = Debug|Any CPU
		{A5DC8367-95B0-4AB8-B5CB-31A2C270192B}.Debug|Any CPU.Build.0 = Debug|Any CPU
		{A5DC8367-95B0-4AB8-B5CB-31A2C270192B}.Release|Any CPU.ActiveCfg = Release|Any CPU
		{A5DC8367-95B0-4AB8-B5CB-31A2C270192B}.Release|Any CPU.Build.0 = Release|Any CPU
	EndGlobalSection
	GlobalSection(SolutionProperties) = preSolution
		HideSolutionNode = FALSE
	EndGlobalSection
	GlobalSection(ExtensibilityGlobals) = postSolution
		SolutionGuid = {2A93AE06-F8A7-4510-B39E-10A411428821}
	EndGlobalSection
EndGlobal
